
Microsoft Visual Studio Solution File, Format Version 12.00
# Visual Studio Version 17
VisualStudioVersion = 17.7.34018.315
MinimumVisualStudioVersion = 10.0.40219.1
Project("{FAE04EC0-301F-11D3-BF4B-00C04F79EFBC}") = "MVVM.Android", "MVVM\MVVM.Android\MVVM.Android.csproj", "{3EF3EB49-8D2D-43A6-9526-4C44E8DA783C}"
EndProject
Project("{FAE04EC0-301F-11D3-BF4B-00C04F79EFBC}") = "MVVM", "MVVM\MVVM\MVVM.csproj", "{4BB53F6F-0C29-43C4-97D4-B3FFEF9BE301}"
EndProject
Global
	GlobalSection(SolutionConfigurationPlatforms) = preSolution
		Debug|Any CPU = Debug|Any CPU
		Release|Any CPU = Release|Any CPU
	EndGlobalSection
	GlobalSection(ProjectConfigurationPlatforms) = postSolution
		{3EF3EB49-8D2D-43A6-9526-4C44E8DA783C}.Debug|Any CPU.ActiveCfg = Debug|Any CPU
		{3EF3EB49-8D2D-43A6-9526-4C44E8DA783C}.Debug|Any CPU.Build.0 = Debug|Any CPU
		{3EF3EB49-8D2D-43A6-9526-4C44E8DA783C}.Debug|Any CPU.Deploy.0 = Debug|Any CPU
		{3EF3EB49-8D2D-43A6-9526-4C44E8DA783C}.Release|Any CPU.ActiveCfg = Release|Any CPU
		{3EF3EB49-8D2D-43A6-9526-4C44E8DA783C}.Release|Any CPU.Build.0 = Release|Any CPU
		{3EF3EB49-8D2D-43A6-9526-4C44E8DA783C}.Release|Any CPU.Deploy.0 = Release|Any CPU
		{4BB53F6F-0C29-43C4-97D4-B3FFEF9BE301}.Debug|Any CPU.ActiveCfg = Debug|Any CPU
		{4BB53F6F-0C29-43C4-97D4-B3FFEF9BE301}.Debug|Any CPU.Build.0 = Debug|Any CPU
		{4BB53F6F-0C29-43C4-97D4-B3FFEF9BE301}.Debug|Any CPU.Deploy.0 = Debug|Any CPU
		{4BB53F6F-0C29-43C4-97D4-B3FFEF9BE301}.Release|Any CPU.ActiveCfg = Release|Any CPU
		{4BB53F6F-0C29-43C4-97D4-B3FFEF9BE301}.Release|Any CPU.Build.0 = Release|Any CPU
		{4BB53F6F-0C29-43C4-97D4-B3FFEF9BE301}.Release|Any CPU.Deploy.0 = Release|Any CPU
	EndGlobalSection
	GlobalSection(SolutionProperties) = preSolution
		HideSolutionNode = FALSE
	EndGlobalSection
	GlobalSection(ExtensibilityGlobals) = postSolution
		SolutionGuid = {41D271B4-428E-446C-A3A6-842817BEF269}
	EndGlobalSection
EndGlobal
